// !$*UTF8*$!
{
	archiveVersion = 1;
	classes = {
	};
	objectVersion = 46;
	objects = {

/* Begin PBXBuildFile section */
		2FFA07D31D5185BB003E1437 /* main.m in Sources */ = {isa = PBXBuildFile; fileRef = 2FFA07D21D5185BB003E1437 /* main.m */; };
		2FFA07D61D5185BB003E1437 /* AppDelegate.m in Sources */ = {isa = PBXBuildFile; fileRef = 2FFA07D51D5185BB003E1437 /* AppDelegate.m */; };
		2FFA07DC1D5185BB003E1437 /* Main.storyboard in Resources */ = {isa = PBXBuildFile; fileRef = 2FFA07DA1D5185BB003E1437 /* Main.storyboard */; };
		2FFA07DE1D5185BB003E1437 /* Assets.xcassets in Resources */ = {isa = PBXBuildFile; fileRef = 2FFA07DD1D5185BB003E1437 /* Assets.xcassets */; };
		2FFA07E11D5185BB003E1437 /* LaunchScreen.storyboard in Resources */ = {isa = PBXBuildFile; fileRef = 2FFA07DF1D5185BB003E1437 /* LaunchScreen.storyboard */; };
		2FFA07EA1D5185E2003E1437 /* MainViewController.m in Sources */ = {isa = PBXBuildFile; fileRef = 2FFA07E91D5185E2003E1437 /* MainViewController.m */; };
		2FFA07ED1D518605003E1437 /* PickerView.m in Sources */ = {isa = PBXBuildFile; fileRef = 2FFA07EC1D518605003E1437 /* PickerView.m */; };
		2FFA07F31D51C90E003E1437 /* myself_personalData_selected_bg.png in Resources */ = {isa = PBXBuildFile; fileRef = 2FFA07F21D51C90E003E1437 /* myself_personalData_selected_bg.png */; };
/* End PBXBuildFile section */

/* Begin PBXFileReference section */
		2FFA07CE1D5185BB003E1437 /* YX_TableViewToPick.app */ = {isa = PBXFileReference; explicitFileType = wrapper.application; includeInIndex = 0; path = YX_TableViewToPick.app; sourceTree = BUILT_PRODUCTS_DIR; };
		2FFA07D21D5185BB003E1437 /* main.m */ = {isa = PBXFileReference; lastKnownFileType = sourcecode.c.objc; path = main.m; sourceTree = "<group>"; };
		2FFA07D41D5185BB003E1437 /* AppDelegate.h */ = {isa = PBXFileReference; lastKnownFileType = sourcecode.c.h; path = AppDelegate.h; sourceTree = "<group>"; };
		2FFA07D51D5185BB003E1437 /* AppDelegate.m */ = {isa = PBXFileReference; lastKnownFileType = sourcecode.c.objc; path = AppDelegate.m; sourceTree = "<group>"; };
		2FFA07DB1D5185BB003E1437 /* Base */ = {isa = PBXFileReference; lastKnownFileType = file.storyboard; name = Base; path = Base.lproj/Main.storyboard; sourceTree = "<group>"; };
		2FFA07DD1D5185BB003E1437 /* Assets.xcassets */ = {isa = PBXFileReference; lastKnownFileType = folder.assetcatalog; path = Assets.xcassets; sourceTree = "<group>"; };
		2FFA07E01D5185BB003E1437 /* Base */ = {isa = PBXFileReference; lastKnownFileType = file.storyboard; name = Base; path = Base.lproj/LaunchScreen.storyboard; sourceTree = "<group>"; };
		2FFA07E21D5185BB003E1437 /* Info.plist */ = {isa = PBXFileReference; lastKnownFileType = text.plist.xml; path = Info.plist; sourceTree = "<group>"; };
		2FFA07E81D5185E2003E1437 /* MainViewController.h */ = {isa = PBXFileReference; fileEncoding = 4; lastKnownFileType = sourcecode.c.h; path = MainViewController.h; sourceTree = "<group>"; };
		2FFA07E91D5185E2003E1437 /* MainViewController.m */ = {isa = PBXFileReference; fileEncoding = 4; lastKnownFileType = sourcecode.c.objc; path = MainViewController.m; sourceTree = "<group>"; };
		2FFA07EB1D518605003E1437 /* PickerView.h */ = {isa = PBXFileReference; fileEncoding = 4; lastKnownFileType = sourcecode.c.h; path = PickerView.h; sourceTree = "<group>"; };
		2FFA07EC1D518605003E1437 /* PickerView.m */ = {isa = PBXFileReference; fileEncoding = 4; lastKnownFileType = sourcecode.c.objc; path = PickerView.m; sourceTree = "<group>"; };
		2FFA07F21D51C90E003E1437 /* myself_personalData_selected_bg.png */ = {isa = PBXFileReference; lastKnownFileType = image.png; path = myself_personalData_selected_bg.png; sourceTree = "<group>"; };
/* End PBXFileReference section */

/* Begin PBXFrameworksBuildPhase section */
		2FFA07CB1D5185BB003E1437 /* Frameworks */ = {
			isa = PBXFrameworksBuildPhase;
			buildActionMask = 2147483647;
			files = (
			);
			runOnlyForDeploymentPostprocessing = 0;
		};
/* End PBXFrameworksBuildPhase section */

/* Begin PBXGroup section */
		2FFA07C51D5185BA003E1437 = {
			isa = PBXGroup;
			children = (
				2FFA07D01D5185BB003E1437 /* YX_TableViewToPick */,
				2FFA07CF1D5185BB003E1437 /* Products */,
			);
			sourceTree = "<group>";
		};
		2FFA07CF1D5185BB003E1437 /* Products */ = {
			isa = PBXGroup;
			children = (
				2FFA07CE1D5185BB003E1437 /* YX_TableViewToPick.app */,
			);
			name = Products;
			sourceTree = "<group>";
		};
		2FFA07D01D5185BB003E1437 /* YX_TableViewToPick */ = {
			isa = PBXGroup;
			children = (
				2FFA07F21D51C90E003E1437 /* myself_personalData_selected_bg.png */,
				2FFA07D41D5185BB003E1437 /* AppDelegate.h */,
				2FFA07D51D5185BB003E1437 /* AppDelegate.m */,
				2FFA07E81D5185E2003E1437 /* MainViewController.h */,
				2FFA07E91D5185E2003E1437 /* MainViewController.m */,
				2FFA07EB1D518605003E1437 /* PickerView.h */,
				2FFA07EC1D518605003E1437 /* PickerView.m */,
				2FFA07DA1D5185BB003E1437 /* Main.storyboard */,
				2FFA07DD1D5185BB003E1437 /* Assets.xcassets */,
				2FFA07DF1D5185BB003E1437 /* LaunchScreen.storyboard */,
				2FFA07E21D5185BB003E1437 /* Info.plist */,
				2FFA07D11D5185BB003E1437 /* Supporting Files */,
			);
			path = YX_TableViewToPick;
			sourceTree = "<group>";
		};
		2FFA07D11D5185BB003E1437 /* Supporting Files */ = {
			isa = PBXGroup;
			children = (
				2FFA07D21D5185BB003E1437 /* main.m */,
			);
			name = "Supporting Files";
			sourceTree = "<group>";
		};
/* End PBXGroup section */

/* Begin PBXNativeTarget section */
		2FFA07CD1D5185BB003E1437 /* YX_TableViewToPick */ = {
			isa = PBXNativeTarget;
			buildConfigurationList = 2FFA07E51D5185BB003E1437 /* Build configuration list for PBXNativeTarget "YX_TableViewToPick" */;
			buildPhases = (
				2FFA07CA1D5185BB003E1437 /* Sources */,
				2FFA07CB1D5185BB003E1437 /* Frameworks */,
				2FFA07CC1D5185BB003E1437 /* Resources */,
			);
			buildRules = (
			);
			dependencies = (
			);
			name = YX_TableViewToPick;
			productName = YX_TableViewToPick;
			productReference = 2FFA07CE1D5185BB003E1437 /* YX_TableViewToPick.app */;
			productType = "com.apple.product-type.application";
		};
/* End PBXNativeTarget section */

/* Begin PBXProject section */
		2FFA07C61D5185BA003E1437 /* Project object */ = {
			isa = PBXProject;
			attributes = {
				LastUpgradeCheck = 0730;
				ORGANIZATIONNAME = poplary;
				TargetAttributes = {
					2FFA07CD1D5185BB003E1437 = {
						CreatedOnToolsVersion = 7.3.1;
					};
				};
			};
			buildConfigurationList = 2FFA07C91D5185BA003E1437 /* Build configuration list for PBXProject "YX_TableViewToPick" */;
			compatibilityVersion = "Xcode 3.2";
			developmentRegion = English;
			hasScannedForEncodings = 0;
			knownRegions = (
				en,
				Base,
			);
			mainGroup = 2FFA07C51D5185BA003E1437;
			productRefGroup = 2FFA07CF1D5185BB003E1437 /* Products */;
			projectDirPath = "";
			projectRoot = "";
			targets = (
				2FFA07CD1D5185BB003E1437 /* YX_TableViewToPick */,
			);
		};
/* End PBXProject section */

/* Begin PBXResourcesBuildPhase section */
		2FFA07CC1D5185BB003E1437 /* Resources */ = {
			isa = PBXResourcesBuildPhase;
			buildActionMask = 2147483647;
			files = (
				2FFA07E11D5185BB003E1437 /* LaunchScreen.storyboard in Resources */,
				2FFA07DE1D5185BB003E1437 /* Assets.xcassets in Resources */,
				2FFA07DC1D5185BB003E1437 /* Main.storyboard in Resources */,
				2FFA07F31D51C90E003E1437 /* myself_personalData_selected_bg.png in Resources */,
			);
			runOnlyForDeploymentPostprocessing = 0;
		};
/* End PBXResourcesBuildPhase section */

/* Begin PBXSourcesBuildPhase section */
		2FFA07CA1D5185BB003E1437 /* Sources */ = {
			isa = PBXSourcesBuildPhase;
			buildActionMask = 2147483647;
			files = (
				2FFA07ED1D518605003E1437 /* PickerView.m in Sources */,
				2FFA07D61D5185BB003E1437 /* AppDelegate.m in Sources */,
				2FFA07EA1D5185E2003E1437 /* MainViewController.m in Sources */,
				2FFA07D31D5185BB003E1437 /* main.m in Sources */,
			);
			runOnlyForDeploymentPostprocessing = 0;
		};
/* End PBXSourcesBuildPhase section */

/* Begin PBXVariantGroup section */
		2FFA07DA1D5185BB003E1437 /* Main.storyboard */ = {
			isa = PBXVariantGroup;
			children = (
				2FFA07DB1D5185BB003E1437 /* Base */,
			);
			name = Main.storyboard;
			sourceTree = "<group>";
		};
		2FFA07DF1D5185BB003E1437 /* LaunchScreen.storyboard */ = {
			isa = PBXVariantGroup;
			children = (
				2FFA07E01D5185BB003E1437 /* Base */,
			);
			name = LaunchScreen.storyboard;
			sourceTree = "<group>";
		};
/* End PBXVariantGroup section */

/* Begin XCBuildConfiguration section */
		2FFA07E31D5185BB003E1437 /* Debug */ = {
			isa = XCBuildConfiguration;
			buildSettings = {
				ALWAYS_SEARCH_USER_PATHS = NO;
				CLANG_ANALYZER_NONNULL = YES;
				CLANG_CXX_LANGUAGE_STANDARD = "gnu++0x";
				CLANG_CXX_LIBRARY = "libc++";
				CLANG_ENABLE_MODULES = YES;
				CLANG_ENABLE_OBJC_ARC = YES;
				CLANG_WARN_BOOL_CONVERSION = YES;
				CLANG_WARN_CONSTANT_CONVERSION = YES;
				CLANG_WARN_DIRECT_OBJC_ISA_USAGE = YES_ERROR;
				CLANG_WARN_EMPTY_BODY = YES;
				CLANG_WARN_ENUM_CONVERSION = YES;
				CLANG_WARN_INT_CONVERSION = YES;
				CLANG_WARN_OBJC_ROOT_CLASS = YES_ERROR;
				CLANG_WARN_UNREACHABLE_CODE = YES;
				CLANG_WARN__DUPLICATE_METHOD_MATCH = YES;
				"CODE_SIGN_IDENTITY[sdk=iphoneos*]" = "iPhone Developer";
				COPY_PHASE_STRIP = NO;
				DEBUG_INFORMATION_FORMAT = dwarf;
				ENABLE_STRICT_OBJC_MSGSEND = YES;
				ENABLE_TESTABILITY = YES;
				GCC_C_LANGUAGE_STANDARD = gnu99;
				GCC_DYNAMIC_NO_PIC = NO;
				GCC_NO_COMMON_BLOCKS = YES;
				GCC_OPTIMIZATION_LEVEL = 0;
				GCC_PREPROCESSOR_DEFINITIONS = (
					"DEBUG=1",
					"$(inherited)",
				);
				GCC_WARN_64_TO_32_BIT_CONVERSION = YES;
				GCC_WARN_ABOUT_RETURN_TYPE = YES_ERROR;
				GCC_WARN_UNDECLARED_SELECTOR = YES;
				GCC_WARN_UNINITIALIZED_AUTOS = YES_AGGRESSIVE;
				GCC_WARN_UNUSED_FUNCTION = YES;
				GCC_WARN_UNUSED_VARIABLE = YES;
				IPHONEOS_DEPLOYMENT_TARGET = 9.3;
				MTL_ENABLE_DEBUG_INFO = YES;
				ONLY_ACTIVE_ARCH = YES;
				SDKROOT = iphoneos;
			};
			name = Debug;
		};
		2FFA07E41D5185BB003E1437 /* Release */ = {
			isa = XCBuildConfiguration;
			buildSettings = {
				ALWAYS_SEARCH_USER_PATHS = NO;
				CLANG_ANALYZER_NONNULL = YES;
				CLANG_CXX_LANGUAGE_STANDARD = "gnu++0x";
				CLANG_CXX_LIBRARY = "libc++";
				CLANG_ENABLE_MODULES = YES;
				CLANG_ENABLE_OBJC_ARC = YES;
				CLANG_WARN_BOOL_CONVERSION = YES;
				CLANG_WARN_CONSTANT_CONVERSION = YES;
				CLANG_WARN_DIRECT_OBJC_ISA_USAGE = YES_ERROR;
				CLANG_WARN_EMPTY_BODY = YES;
				CLANG_WARN_ENUM_CONVERSION = YES;
				CLANG_WARN_INT_CONVERSION = YES;
				CLANG_WARN_OBJC_ROOT_CLASS = YES_ERROR;
				CLANG_WARN_UNREACHABLE_CODE = YES;
				CLANG_WARN__DUPLICATE_METHOD_MATCH = YES;
				"CODE_SIGN_IDENTITY[sdk=iphoneos*]" = "iPhone Developer";
				COPY_PHASE_STRIP = NO;
				DEBUG_INFORMATION_FORMAT = "dwarf-with-dsym";
				ENABLE_NS_ASSERTIONS = NO;
				ENABLE_STRICT_OBJC_MSGSEND = YES;
				GCC_C_LANGUAGE_STANDARD = gnu99;
				GCC_NO_COMMON_BLOCKS = YES;
				GCC_WARN_64_TO_32_BIT_CONVERSION = YES;
				GCC_WARN_ABOUT_RETURN_TYPE = YES_ERROR;
				GCC_WARN_UNDECLARED_SELECTOR = YES;
				GCC_WARN_UNINITIALIZED_AUTOS = YES_AGGRESSIVE;
				GCC_WARN_UNUSED_FUNCTION = YES;
				GCC_WARN_UNUSED_VARIABLE = YES;
				IPHONEOS_DEPLOYMENT_TARGET = 9.3;
				MTL_ENABLE_DEBUG_INFO = NO;
				SDKROOT = iphoneos;
				VALIDATE_PRODUCT = YES;
			};
			name = Release;
		};
		2FFA07E61D5185BB003E1437 /* Debug */ = {
			isa = XCBuildConfiguration;
			buildSettings = {
				ASSETCATALOG_COMPILER_APPICON_NAME = AppIcon;
				INFOPLIST_FILE = YX_TableViewToPick/Info.plist;
				LD_RUNPATH_SEARCH_PATHS = "$(inherited) @executable_path/Frameworks";
				PRODUCT_BUNDLE_IDENTIFIER = "cn.poplary.YX-TableViewToPick";
				PRODUCT_NAME = "$(TARGET_NAME)";
			};
			name = Debug;
		};
		2FFA07E71D5185BB003E1437 /* Release */ = {
			isa = XCBuildConfiguration;
			buildSettings = {
				ASSETCATALOG_COMPILER_APPICON_NAME = AppIcon;
				INFOPLIST_FILE = YX_TableViewToPick/Info.plist;
				LD_RUNPATH_SEARCH_PATHS = "$(inherited) @executable_path/Frameworks";
				PRODUCT_BUNDLE_IDENTIFIER = "cn.poplary.YX-TableViewToPick";
				PRODUCT_NAME = "$(TARGET_NAME)";
			};
			name = Release;
		};
/* End XCBuildConfiguration section */

/* Begin XCConfigurationList section */
		2FFA07C91D5185BA003E1437 /* Build configuration list for PBXProject "YX_TableViewToPick" */ = {
			isa = XCConfigurationList;
			buildConfigurations = (
				2FFA07E31D5185BB003E1437 /* Debug */,
				2FFA07E41D5185BB003E1437 /* Release */,
			);
			defaultConfigurationIsVisible = 0;
			defaultConfigurationName = Release;
		};
		2FFA07E51D5185BB003E1437 /* Build configuration list for PBXNativeTarget "YX_TableViewToPick" */ = {
			isa = XCConfigurationList;
			buildConfigurations = (
				2FFA07E61D5185BB003E1437 /* Debug */,
				2FFA07E71D5185BB003E1437 /* Release */,
			);
			defaultConfigurationIsVisible = 0;
			defaultConfigurationName = Release;
		};
/* End XCConfigurationList section */
	};
	rootObject = 2FFA07C61D5185BA003E1437 /* Project object */;
}
